{
  "name": "web",
  "version": "0.1.0",
  "lockfileVersion": 3,
  "requires": true,
  "packages": {
    "": {
      "name": "web",
      "version": "0.1.0",
      "dependencies": {
        "@tsparticles/react": "^4.4.0",
        "@tsparticles/slim": "^4.4.0",
        "axios": "^1.7.9",
        "echarts": "^6.1.0",
        "qrcode.react": "^4.2.0",
        "react": "^19.0.0",
        "react-dom": "^19.0.0",
        "react-router-dom": "^7.0.0"
      },
      "devDependencies": {
        "@eslint/js": "^9.17.0",
        "@types/node": "^22.10.5",
        "@types/react": "^19.0.3",
        "@types/react-dom": "^19.0.2",
        "@vitejs/plugin-react": "^4.3.4",
        "eslint": "^9.17.0",
        "eslint-plugin-react-hooks": "^5.1.0",
        "eslint-plugin-react-refresh": "^0.4.16",
        "globals": "^15.14.0",
        "typescript": "^5.7.2",
        "typescript-eslint": "^8.19.1",
        "vite": "^6.0.7"
      }
    },
    "../node_modules/.pnpm/@eslint+js@9.39.5/node_modules/@eslint/js": {
      "version": "9.39.5",
      "dev": true,
      "license": "MIT",
      "engines": {
        "node": "^18.18.0 || ^20.9.0 || >=21.1.0"
      },
      "funding": {
        "url": "https://eslint.org/donate"
      }
    },
    "../node_modules/.pnpm/@types+node@22.20.4/node_modules/@types/node": {
      "version": "22.20.4",
      "dev": true,
      "license": "MIT",
      "dependencies": {
        "undici-types": "~6.21.0"
      }
    },
    "../node_modules/.pnpm/@types+react-dom@19.3.0_@types+react@19.3.0/node_modules/@types/react-dom": {
      "version": "19.3.0",
      "dev": true,
      "license": "MIT",
      "peerDependencies": {
        "@types/react": "^19.3.0"
      }
    },
    "../node_modules/.pnpm/@types+react@19.3.0/node_modules/@types/react": {
      "version": "19.3.0",
      "dev": true,
      "license": "MIT",
      "dependencies": {
        "csstype": "^3.2.2"
      }
    },
    "../node_modules/.pnpm/@vitejs+plugin-react@4.7.0_vite@6.4.3_@types+node@22.20.4_/node_modules/@vitejs/plugin-react": {
      "version": "4.7.0",
      "dev": true,
      "license": "MIT",
      "dependencies": {
        "@babel/core": "^7.28.0",
        "@babel/plugin-transform-react-jsx-self": "^7.27.1",
        "@babel/plugin-transform-react-jsx-source": "^7.27.1",
        "@rolldown/pluginutils": "1.0.0-beta.27",
        "@types/babel__core": "^7.20.5",
        "react-refresh": "^0.17.0"
      },
      "devDependencies": {
        "@vitejs/react-common": "workspace:*",
        "babel-plugin-react-compiler": "19.1.0-rc.2",
        "react": "^19.1.0",
        "react-dom": "^19.1.0",
        "rolldown": "1.0.0-beta.27",
        "tsdown": "^0.12.9",
        "vitest": "^3.2.4"
      },
      "engines": {
        "node": "^14.18.0 || >=16.0.0"
      },
      "peerDependencies": {
        "vite": "^4.2.0 || ^5.0.0 || ^6.0.0 || ^7.0.0"
      }
    },
    "../node_modules/.pnpm/axios@1.20.0/node_modules/axios": {
      "version": "1.20.0",
      "license": "MIT",
      "dependencies": {
        "follow-redirects": "^1.16.0",
        "form-data": "^4.0.6",
        "https-proxy-agent": "^5.0.1",
        "proxy-from-env": "^2.1.0"
      },
      "devDependencies": {
        "@babel/core": "^7.29.0",
        "@babel/preset-env": "^7.29.5",
        "@commitlint/cli": "^21.2.0",
        "@commitlint/config-conventional": "^21.2.0",
        "@eslint/js": "^10.0.1",
        "@rollup/plugin-alias": "^6.0.0",
        "@rollup/plugin-babel": "^7.1.0",
        "@rollup/plugin-commonjs": "^29.0.3",
        "@rollup/plugin-json": "^6.1.0",
        "@rollup/plugin-node-resolve": "^16.0.3",
        "@rollup/plugin-terser": "^1.0.0",
        "@vitest/browser": "^4.1.9",
        "@vitest/browser-playwright": "^4.1.9",
        "abortcontroller-polyfill": "^1.7.8",
        "acorn": "^8.17.0",
        "body-parser": "^2.3.0",
        "chalk": "^5.6.2",
        "cross-env": "^10.1.0",
        "dev-null": "^0.1.1",
        "eslint": "^10.6.0",
        "express": "^5.2.1",
        "formdata-node": "^6.0.3",
        "formidable": "^3.5.4",
        "fs-extra": "^11.3.6",
        "get-stream": "^9.0.1",
        "globals": "^17.7.0",
        "gulp": "^5.0.1",
        "husky": "^9.1.7",
        "lint-staged": "^17.0.8",
        "minimist": "^1.2.8",
        "multer": "^2.2.0",
        "playwright": "^1.61.1",
        "prettier": "^3.9.4",
        "rollup": "^4.60.4",
        "rollup-plugin-bundle-size": "^1.0.3",
        "selfsigned": "^5.5.0",
        "stream-throttle": "^0.1.3",
        "typescript": "^5.9.3",
        "vitest": "^4.1.9"
      }
    },
    "../node_modules/.pnpm/eslint-plugin-react-hooks@5.2.0_eslint@9.39.5/node_modules/eslint-plugin-react-hooks": {
      "version": "5.2.0",
      "dev": true,
      "license": "MIT",
      "devDependencies": {
        "@babel/eslint-parser": "^7.11.4",
        "@babel/preset-typescript": "^7.26.0",
        "@tsconfig/strictest": "^2.0.5",
        "@types/eslint": "^8.56.12",
        "@types/estree": "^1.0.6",
        "@types/estree-jsx": "^1.0.5",
        "@types/node": "^20.2.5",
        "@typescript-eslint/parser-v2": "npm:@typescript-eslint/parser@^2.26.0",
        "@typescript-eslint/parser-v3": "npm:@typescript-eslint/parser@^3.10.0",
        "@typescript-eslint/parser-v4": "npm:@typescript-eslint/parser@^4.1.0",
        "@typescript-eslint/parser-v5": "npm:@typescript-eslint/parser@^5.62.0",
        "babel-eslint": "^10.0.3",
        "eslint-v7": "npm:eslint@^7.7.0",
        "eslint-v9": "npm:eslint@^9.0.0",
        "jest": "^29.5.0",
        "typescript": "^5.4.3"
      },
      "engines": {
        "node": ">=10"
      },
      "peerDependencies": {
        "eslint": "^3.0.0 || ^4.0.0 || ^5.0.0 || ^6.0.0 || ^7.0.0 || ^8.0.0-0 || ^9.0.0"
      }
    },
    "../node_modules/.pnpm/eslint-plugin-react-refresh@0.4.26_eslint@9.39.5/node_modules/eslint-plugin-react-refresh": {
      "version": "0.4.26",
      "dev": true,
      "license": "MIT",
      "peerDependencies": {
        "eslint": ">=8.40"
      }
    },
    "../node_modules/.pnpm/eslint@9.39.5/node_modules/eslint": {
      "version": "9.39.5",
      "dev": true,
      "license": "MIT",
      "dependencies": {
        "@eslint-community/eslint-utils": "^4.8.0",
        "@eslint-community/regexpp": "^4.12.1",
        "@eslint/config-array": "^0.21.2",
        "@eslint/config-helpers": "^0.4.2",
        "@eslint/core": "^0.17.0",
        "@eslint/eslintrc": "^3.3.6",
        "@eslint/js": "9.39.5",
        "@eslint/plugin-kit": "^0.4.1",
        "@humanfs/node": "^0.16.6",
        "@humanwhocodes/module-importer": "^1.0.1",
        "@humanwhocodes/retry": "^0.4.2",
        "@types/estree": "^1.0.6",
        "ajv": "^6.14.0",
        "chalk": "^4.0.0",
        "cross-spawn": "^7.0.6",
        "debug": "^4.3.2",
        "escape-string-regexp": "^4.0.0",
        "eslint-scope": "^8.4.0",
        "eslint-visitor-keys": "^4.2.1",
        "espree": "^10.4.0",
        "esquery": "^1.5.0",
        "esutils": "^2.0.2",
        "fast-deep-equal": "^3.1.3",
        "file-entry-cache": "^8.0.0",
        "find-up": "^5.0.0",
        "glob-parent": "^6.0.2",
        "ignore": "^5.2.0",
        "imurmurhash": "^0.1.4",
        "is-glob": "^4.0.0",
        "json-stable-stringify-without-jsonify": "^1.0.1",
        "lodash.merge": "^4.6.2",
        "minimatch": "^3.1.5",
        "natural-compare": "^1.4.0",
        "optionator": "^0.9.3"
      },
      "bin": {
        "eslint": "bin/eslint.js"
      },
      "devDependencies": {
        "@arethetypeswrong/cli": "^0.18.0",
        "@babel/core": "^7.4.3",
        "@babel/preset-env": "^7.4.3",
        "@cypress/webpack-preprocessor": "^6.0.2",
        "@eslint/json": "^0.13.2",
        "@trunkio/launcher": "^1.3.4",
        "@types/esquery": "^1.5.4",
        "@types/node": "^22.13.14",
        "@typescript-eslint/parser": "^8.4.0",
        "babel-loader": "^8.0.5",
        "c8": "^7.12.0",
        "chai": "^4.0.1",
        "cheerio": "^0.22.0",
        "common-tags": "^1.8.0",
        "core-js": "^3.1.3",
        "cypress": "^14.1.0",
        "ejs": "^3.0.2",
        "eslint": "file:.",
        "eslint-config-eslint": "file:packages/eslint-config-eslint",
        "eslint-plugin-eslint-plugin": "^6.0.0",
        "eslint-plugin-expect-type": "^0.6.0",
        "eslint-plugin-yml": "^1.14.0",
        "eslint-release": "^3.3.0",
        "eslint-rule-composer": "^0.3.0",
        "eslump": "^3.0.0",
        "esprima": "^4.0.1",
        "fast-glob": "^3.2.11",
        "fs-teardown": "^0.1.3",
        "glob": "^10.0.0",
        "globals": "^16.2.0",
        "got": "^11.8.3",
        "gray-matter": "^4.0.3",
        "jiti": "^2.6.1",
        "jiti-v2.0": "npm:jiti@2.0.x",
        "jiti-v2.1": "npm:jiti@2.1.x",
        "knip": "^5.60.2",
        "lint-staged": "^11.0.0",
        "markdown-it": "^12.2.0",
        "markdown-it-container": "^3.0.0",
        "marked": "^4.0.8",
        "metascraper": "^5.25.7",
        "metascraper-description": "^5.25.7",
        "metascraper-image": "^5.29.3",
        "metascraper-logo": "^5.25.7",
        "metascraper-logo-favicon": "^5.25.7",
        "metascraper-title": "^5.25.7",
        "mocha": "^11.7.1",
        "node-polyfill-webpack-plugin": "^1.0.3",
        "npm-license": "^0.3.3",
        "pirates": "^4.0.5",
        "progress": "^2.0.3",
        "proxyquire": "^2.0.1",
        "recast": "^0.23.0",
        "regenerator-runtime": "^0.14.0",
        "semver": "^7.5.3",
        "shelljs": "^0.10.0",
        "sinon": "^11.0.0",
        "typescript": "^5.3.3",
        "webpack": "^5.23.0",
        "webpack-cli": "^4.5.0",
        "yorkie": "^2.0.0"
      },
      "engines": {
        "node": "^18.18.0 || ^20.9.0 || >=21.1.0"
      },
      "funding": {
        "url": "https://eslint.org/donate"
      },
      "peerDependencies": {
        "jiti": "*"
      },
      "peerDependenciesMeta": {
        "jiti": {
          "optional": true
        }
      }
    },
    "../node_modules/.pnpm/globals@15.15.0/node_modules/globals": {
      "version": "15.15.0",
      "dev": true,
      "license": "MIT",
      "devDependencies": {
        "@vitest/eslint-plugin": "^1.1.30",
        "ava": "^6.1.3",
        "cheerio": "^1.0.0-rc.12",
        "eslint-plugin-jest": "^28.8.3",
        "execa": "^9.4.0",
        "get-port": "^7.1.0",
        "npm-run-all2": "^6.2.3",
        "outdent": "^0.8.0",
        "puppeteer": "^23.4.1",
        "shelljs": "^0.8.5",
        "tsd": "^0.31.2",
        "type-fest": "^4.26.1",
        "xo": "^0.59.3"
      },
      "engines": {
        "node": ">=18"
      },
      "funding": {
        "url": "https://github.com/sponsors/sindresorhus"
      }
    },
    "../node_modules/.pnpm/react-dom@19.3.0_react@19.3.0/node_modules/react-dom": {
      "version": "19.3.0",
      "license": "MIT",
      "dependencies": {
        "scheduler": "^0.28.0"
      },
      "peerDependencies": {
        "react": "^19.3.0"
      }
    },
    "../node_modules/.pnpm/react-router-dom@7.18.4_rea_c5162408bf5682b33cf3cd0d91ecf830/node_modules/react-router-dom": {
      "version": "7.18.4",
      "license": "MIT",
      "dependencies": {
        "react-router": "7.18.4"
      },
      "devDependencies": {
        "react": "^19.2.3",
        "react-dom": "^19.2.3",
        "tsup": "^8.3.0",
        "typescript": "^5.4.5",
        "wireit": "0.14.9"
      },
      "engines": {
        "node": ">=20.0.0"
      },
      "peerDependencies": {
        "react": ">=18",
        "react-dom": ">=18"
      }
    },
    "../node_modules/.pnpm/react@19.3.0/node_modules/react": {
      "version": "19.3.0",
      "license": "MIT",
      "engines": {
        "node": ">=0.10.0"
      }
    },
    "../node_modules/.pnpm/typescript-eslint@8.70.1_eslint@9.39.5_typescript@5.9.3/node_modules/typescript-eslint": {
      "version": "8.70.1",
      "dev": true,
      "license": "MIT",
      "dependencies": {
        "@typescript-eslint/eslint-plugin": "8.70.1",
        "@typescript-eslint/parser": "8.70.1",
        "@typescript-eslint/typescript-estree": "8.70.1",
        "@typescript-eslint/utils": "8.70.1"
      },
      "devDependencies": {
        "@typescript/native": "npm:typescript@^7.0.2",
        "@vitest/coverage-v8": "^4.0.18",
        "eslint": "^10.0.0",
        "minimatch": "*",
        "rimraf": "^5.0.10",
        "typescript": ">=4.8.4 <6.1.0",
        "vitest": "^4.0.18"
      },
      "engines": {
        "node": "^18.18.0 || ^20.9.0 || >=21.1.0"
      },
      "funding": {
        "type": "opencollective",
        "url": "https://opencollective.com/typescript-eslint"
      },
      "peerDependencies": {
        "eslint": "^8.57.0 || ^9.0.0 || ^10.0.0",
        "typescript": ">=4.8.4 <6.1.0"
      }
    },
    "../node_modules/.pnpm/typescript@5.9.3/node_modules/typescript": {
      "version": "5.9.3",
      "dev": true,
      "license": "Apache-2.0",
      "bin": {
        "tsc": "bin/tsc",
        "tsserver": "bin/tsserver"
      },
      "devDependencies": {
        "@dprint/formatter": "^0.4.1",
        "@dprint/typescript": "0.93.4",
        "@esfx/canceltoken": "^1.0.0",
        "@eslint/js": "^9.20.0",
        "@octokit/rest": "^21.1.1",
        "@types/chai": "^4.3.20",
        "@types/diff": "^7.0.1",
        "@types/minimist": "^1.2.5",
        "@types/mocha": "^10.0.10",
        "@types/ms": "^0.7.34",
        "@types/node": "latest",
        "@types/source-map-support": "^0.5.10",
        "@types/which": "^3.0.4",
        "@typescript-eslint/rule-tester": "^8.24.1",
        "@typescript-eslint/type-utils": "^8.24.1",
        "@typescript-eslint/utils": "^8.24.1",
        "azure-devops-node-api": "^14.1.0",
        "c8": "^10.1.3",
        "chai": "^4.5.0",
        "chokidar": "^4.0.3",
        "diff": "^7.0.0",
        "dprint": "^0.49.0",
        "esbuild": "^0.25.0",
        "eslint": "^9.20.1",
        "eslint-formatter-autolinkable-stylish": "^1.4.0",
        "eslint-plugin-regexp": "^2.7.0",
        "fast-xml-parser": "^4.5.2",
        "glob": "^10.4.5",
        "globals": "^15.15.0",
        "hereby": "^1.10.0",
        "jsonc-parser": "^3.3.1",
        "knip": "^5.44.4",
        "minimist": "^1.2.8",
        "mocha": "^10.8.2",
        "mocha-fivemat-progress-reporter": "^0.1.0",
        "monocart-coverage-reports": "^2.12.1",
        "ms": "^2.1.3",
        "picocolors": "^1.1.1",
        "playwright": "^1.50.1",
        "source-map-support": "^0.5.21",
        "tslib": "^2.8.1",
        "typescript": "^5.7.3",
        "typescript-eslint": "^8.24.1",
        "which": "^3.0.1"
      },
      "engines": {
        "node": ">=14.17"
      }
    },
    "../node_modules/.pnpm/vite@6.4.3_@types+node@22.20.4/node_modules/vite": {
      "version": "6.4.3",
      "dev": true,
      "license": "MIT",
      "dependencies": {
        "esbuild": "^0.25.0",
        "fdir": "^6.4.4",
        "picomatch": "^4.0.2",
        "postcss": "^8.5.3",
        "rollup": "^4.34.9",
        "tinyglobby": "^0.2.13"
      },
      "bin": {
        "vite": "bin/vite.js"
      },
      "devDependencies": {
        "@ampproject/remapping": "^2.3.0",
        "@babel/parser": "^7.27.0",
        "@jridgewell/trace-mapping": "^0.3.25",
        "@polka/compression": "^1.0.0-next.25",
        "@rollup/plugin-alias": "^5.1.1",
        "@rollup/plugin-commonjs": "^28.0.3",
        "@rollup/plugin-dynamic-import-vars": "2.1.4",
        "@rollup/plugin-json": "^6.1.0",
        "@rollup/plugin-node-resolve": "16.0.1",
        "@rollup/pluginutils": "^5.1.4",
        "@types/escape-html": "^1.0.4",
        "@types/pnpapi": "^0.0.5",
        "artichokie": "^0.3.1",
        "cac": "^6.7.14",
        "chokidar": "^3.6.0",
        "connect": "^3.7.0",
        "convert-source-map": "^2.0.0",
        "cors": "^2.8.5",
        "cross-spawn": "^7.0.6",
        "debug": "^4.4.0",
        "dep-types": "link:./src/types",
        "dotenv": "^16.5.0",
        "dotenv-expand": "^12.0.2",
        "es-module-lexer": "^1.6.0",
        "escape-html": "^1.0.3",
        "estree-walker": "^3.0.3",
        "etag": "^1.8.1",
        "http-proxy": "^1.18.1",
        "launch-editor-middleware": "^2.14.1",
        "lightningcss": "^1.29.3",
        "magic-string": "^0.30.17",
        "mlly": "^1.7.4",
        "mrmime": "^2.0.1",
        "nanoid": "^5.1.5",
        "open": "^10.1.1",
        "parse5": "^7.2.1",
        "pathe": "^2.0.3",
        "periscopic": "^4.0.2",
        "picocolors": "^1.1.1",
        "postcss-import": "^16.1.0",
        "postcss-load-config": "^6.0.1",
        "postcss-modules": "^6.0.1",
        "resolve.exports": "^2.0.3",
        "rollup-plugin-dts": "^6.2.1",
        "rollup-plugin-esbuild": "^6.2.1",
        "rollup-plugin-license": "^3.6.0",
        "sass": "^1.86.3",
        "sass-embedded": "^1.86.3",
        "sirv": "^3.0.2",
        "source-map-support": "^0.5.21",
        "strip-literal": "^3.0.0",
        "terser": "^5.39.0",
        "tsconfck": "^3.1.5",
        "tslib": "^2.8.1",
        "types": "link:./types",
        "ufo": "^1.6.1",
        "ws": "^8.18.1"
      },
      "engines": {
        "node": "^18.0.0 || ^20.0.0 || >=22.0.0"
      },
      "funding": {
        "url": "https://github.com/vitejs/vite?sponsor=1"
      },
      "optionalDependencies": {
        "fsevents": "~2.3.3"
      },
      "peerDependencies": {
        "@types/node": "^18.0.0 || ^20.0.0 || >=22.0.0",
        "jiti": ">=1.21.0",
        "less": "*",
        "lightningcss": "^1.21.0",
        "sass": "*",
        "sass-embedded": "*",
        "stylus": "*",
        "sugarss": "*",
        "terser": "^5.16.0",
        "tsx": "^4.8.1",
        "yaml": "^2.4.2"
      },
      "peerDependenciesMeta": {
        "@types/node": {
          "optional": true
        },
        "jiti": {
          "optional": true
        },
        "less": {
          "optional": true
        },
        "lightningcss": {
          "optional": true
        },
        "sass": {
          "optional": true
        },
        "sass-embedded": {
          "optional": true
        },
        "stylus": {
          "optional": true
        },
        "sugarss": {
          "optional": true
        },
        "terser": {
          "optional": true
        },
        "tsx": {
          "optional": true
        },
        "yaml": {
          "optional": true
        }
      }
    },
    "node_modules/@eslint/js": {
      "resolved": "../node_modules/.pnpm/@eslint+js@9.39.5/node_modules/@eslint/js",
      "link": true
    },
    "node_modules/@tsparticles/animation-utils": {
      "version": "4.4.0",
      "resolved": "https://registry.npmjs.org/@tsparticles/animation-utils/-/animation-utils-4.4.0.tgz",
      "integrity": "sha512-yl4iE9SSuJ2n8B096t/vn4bWN+wWIkDm11OfTsIM3/64bJLB/5T92n6iOm/XLC3r6g8M8XuDi6ntTnpOcwsGxg==",
      "funding": [
        {
          "type": "github",
          "url": "https://github.com/sponsors/matteobruni"
        },
        {
          "type": "github",
          "url": "https://github.com/sponsors/tsparticles"
        },
        {
          "type": "buymeacoffee",
          "url": "https://www.buymeacoffee.com/matteobruni"
        }
      ],
      "license": "MIT",
      "peerDependencies": {
        "@tsparticles/engine": "4.4.0"
      }
    },
    "node_modules/@tsparticles/basic": {
      "version": "4.4.0",
      "resolved": "https://registry.npmjs.org/@tsparticles/basic/-/basic-4.4.0.tgz",
      "integrity": "sha512-lTbKBPzab0alPy+4Wm/xehrVpT1FrpEMaQcTU2eTV0c0G++5/kOINEWkC7GL7/cHovycukxB+tOMYVT54bSprA==",
      "funding": [
        {
          "type": "github",
          "url": "https://github.com/sponsors/matteobruni"
        },
        {
          "type": "github",
          "url": "https://github.com/sponsors/tsparticles"
        },
        {
          "type": "buymeacoffee",
          "url": "https://www.buymeacoffee.com/matteobruni"
        }
      ],
      "license": "MIT",
      "dependencies": {
        "@tsparticles/engine": "4.4.0",
        "@tsparticles/plugin-blend": "4.4.0",
        "@tsparticles/plugin-hex-color": "4.4.0",
        "@tsparticles/plugin-hsl-color": "4.4.0",
        "@tsparticles/plugin-move": "4.4.0",
        "@tsparticles/plugin-rgb-color": "4.4.0",
        "@tsparticles/shape-circle": "4.4.0",
        "@tsparticles/updater-opacity": "4.4.0",
        "@tsparticles/updater-out-modes": "4.4.0",
        "@tsparticles/updater-paint": "4.4.0",
        "@tsparticles/updater-size": "4.4.0"
      }
    },
    "node_modules/@tsparticles/canvas-utils": {
      "version": "4.4.0",
      "resolved": "https://registry.npmjs.org/@tsparticles/canvas-utils/-/canvas-utils-4.4.0.tgz",
      "integrity": "sha512-3zVr95OZ05BExgVYNT8WPqA/wFp83TiEJo66rZCZ/nZd1Ny8UCYLMKBcbUPBvGS2GB87UMK8+ygleZnlFhGTtw==",
      "funding": [
        {
          "type": "github",
          "url": "https://github.com/sponsors/matteobruni"
        },
        {
          "type": "github",
          "url": "https://github.com/sponsors/tsparticles"
        },
        {
          "type": "buymeacoffee",
          "url": "https://www.buymeacoffee.com/matteobruni"
        }
      ],
      "license": "MIT",
      "peerDependencies": {
        "@tsparticles/engine": "4.4.0"
      }
    },
    "node_modules/@tsparticles/engine": {
      "version": "4.4.0",
      "resolved": "https://registry.npmjs.org/@tsparticles/engine/-/engine-4.4.0.tgz",
      "integrity": "sha512-zUDykZ7qBqHYMXr6NveXg51kBlvfaQKMmWkMJ8nT7fC4dXdNayb1+TxOfAoqH9/U/u0Eyr0YE+72ai/ymS0uww==",
      "funding": [
        {
          "type": "github",
          "url": "https://github.com/sponsors/matteobruni"
        },
        {
          "type": "github",
          "url": "https://github.com/sponsors/tsparticles"
        },
        {
          "type": "buymeacoffee",
          "url": "https://www.buymeacoffee.com/matteobruni"
        }
      ],
      "hasInstallScript": true,
      "license": "MIT"
    },
    "node_modules/@tsparticles/interaction-external-attract": {
      "version": "4.4.0",
      "resolved": "https://registry.npmjs.org/@tsparticles/interaction-external-attract/-/interaction-external-attract-4.4.0.tgz",
      "integrity": "sha512-Y7m4M//SC8J/u0mOcNPpA+qDmImeV5O4axqxah3RdbB0NR5IYmyq6y3ipQGCsDiKPjyyin6R2INT+EY/y75r1A==",
      "license": "MIT",
      "peerDependencies": {
        "@tsparticles/engine": "4.4.0",
        "@tsparticles/plugin-interactivity": "4.4.0"
      }
    },
    "node_modules/@tsparticles/interaction-external-bounce": {
      "version": "4.4.0",
      "resolved": "https://registry.npmjs.org/@tsparticles/interaction-external-bounce/-/interaction-external-bounce-4.4.0.tgz",
      "integrity": "sha512-A6FyWC3kyvKFLFSGgPMFVMVTEO9hHrB6lDLO+J0AxvyyYYTbgsu+brY7Yt3kuxEtdZaGmsMtGGfV0Iwe66KspA==",
      "license": "MIT",
      "peerDependencies": {
        "@tsparticles/engine": "4.4.0",
        "@tsparticles/plugin-interactivity": "4.4.0"
      }
    },
    "node_modules/@tsparticles/interaction-external-bubble": {
      "version": "4.4.0",
      "resolved": "https://registry.npmjs.org/@tsparticles/interaction-external-bubble/-/interaction-external-bubble-4.4.0.tgz",
      "integrity": "sha512-/IsCu7uWC4oxRbO0WNd1OTlDEUrSjK1T+qARfxmkh+xYxevS8Zc55+rYqk7TXOjPgYVfFiC8wA6+yigYthHCpg==",
      "license": "MIT",
      "peerDependencies": {
        "@tsparticles/engine": "4.4.0",
        "@tsparticles/plugin-interactivity": "4.4.0"
      }
    },
    "node_modules/@tsparticles/interaction-external-connect": {
      "version": "4.4.0",
      "resolved": "https://registry.npmjs.org/@tsparticles/interaction-external-connect/-/interaction-external-connect-4.4.0.tgz",
      "integrity": "sha512-yPS/XBFWOGKUYo9NTFgcvUKEFg7A0NavTsLPfMLff0BVS5r5ocAvI1UMxCErOSyQPNDb4oAceh9SqldbBI0ELA==",
      "license": "MIT",
      "dependencies": {
        "@tsparticles/canvas-utils": "4.4.0"
      },
      "peerDependencies": {
        "@tsparticles/engine": "4.4.0",
        "@tsparticles/plugin-interactivity": "4.4.0"
      }
    },
    "node_modules/@tsparticles/interaction-external-destroy": {
      "version": "4.4.0",
      "resolved": "https://registry.npmjs.org/@tsparticles/interaction-external-destroy/-/interaction-external-destroy-4.4.0.tgz",
      "integrity": "sha512-WqTYJnn0FaF5fF91C49KWlLgmyfgW4a1jMd7FXvBAnrY6XYu4UIOZXNi8R3MUvdYMG1ghQGNOkH+JcD63Dvysw==",
      "license": "MIT",
      "peerDependencies": {
        "@tsparticles/engine": "4.4.0",
        "@tsparticles/plugin-interactivity": "4.4.0"
      }
    },
    "node_modules/@tsparticles/interaction-external-grab": {
      "version": "4.4.0",
      "resolved": "https://registry.npmjs.org/@tsparticles/interaction-external-grab/-/interaction-external-grab-4.4.0.tgz",
      "integrity": "sha512-rdXhGkBwZKJh2ixK0Wz8Qc+m2SRk3RdYiAWs/PzDurRV9ZpRcGvqkV5G+jw/QrrYWywnNrUYedaKXtiAPnnsWA==",
      "license": "MIT",
      "dependencies": {
        "@tsparticles/canvas-utils": "4.4.0"
      },
      "peerDependencies": {
        "@tsparticles/engine": "4.4.0",
        "@tsparticles/plugin-interactivity": "4.4.0"
      }
    },
    "node_modules/@tsparticles/interaction-external-parallax": {
      "version": "4.4.0",
      "resolved": "https://registry.npmjs.org/@tsparticles/interaction-external-parallax/-/interaction-external-parallax-4.4.0.tgz",
      "integrity": "sha512-PyzWmSqS/zUP/caDyeh7wsW0/6E2pejdawer7ocWY3whEvWhgp/cjev78HxEc+dbgCET6Viu2CLSYsV97dZPHA==",
      "license": "MIT",
      "peerDependencies": {
        "@tsparticles/engine": "4.4.0",
        "@tsparticles/plugin-interactivity": "4.4.0"
      }
    },
    "node_modules/@tsparticles/interaction-external-pause": {
      "version": "4.4.0",
      "resolved": "https://registry.npmjs.org/@tsparticles/interaction-external-pause/-/interaction-external-pause-4.4.0.tgz",
      "integrity": "sha512-qf2CWg3Cx01lW9/0cPAQxp4ozD4o5OY8O7BHwvyaIa+2T0/H/OuKDO+6EscMgQeYnicJVFfYGDr8kbvd27iuIA==",
      "license": "MIT",
      "peerDependencies": {
        "@tsparticles/engine": "4.4.0",
        "@tsparticles/plugin-interactivity": "4.4.0"
      }
    },
    "node_modules/@tsparticles/interaction-external-push": {
      "version": "4.4.0",
      "resolved": "https://registry.npmjs.org/@tsparticles/interaction-external-push/-/interaction-external-push-4.4.0.tgz",
      "integrity": "sha512-rAojSBoF9BzMT2rXsKd01bHPZZmUxp3kZUvNmKdD0GX6TYpxqkeAd6KCc9ixB1TJzKa/sRwZ0lfXOusP89/uew==",
      "license": "MIT",
      "peerDependencies": {
        "@tsparticles/engine": "4.4.0",
        "@tsparticles/plugin-interactivity": "4.4.0"
      }
    },
    "node_modules/@tsparticles/interaction-external-remove": {
      "version": "4.4.0",
      "resolved": "https://registry.npmjs.org/@tsparticles/interaction-external-remove/-/interaction-external-remove-4.4.0.tgz",
      "integrity": "sha512-T/SyaR+aJO90z7uhTv/R1Vpr7MBJnmUKEtKhNoEqw0/xWhBJP5pcWITMj7UpWawjtgtQYimGsvM9nZlDCKScNg==",
      "license": "MIT",
      "peerDependencies": {
        "@tsparticles/engine": "4.4.0",
        "@tsparticles/plugin-interactivity": "4.4.0"
      }
    },
    "node_modules/@tsparticles/interaction-external-repulse": {
      "version": "4.4.0",
      "resolved": "https://registry.npmjs.org/@tsparticles/interaction-external-repulse/-/interaction-external-repulse-4.4.0.tgz",
      "integrity": "sha512-piyeYU42XGXssuNcuB/3FQsS8HgpiH8MdchfYe9wYoYY6+n4OKPK0P6chB1aVZS6cZz4vmk3ROPrDbXrbdM/Rw==",
      "license": "MIT",
      "peerDependencies": {
        "@tsparticles/engine": "4.4.0",
        "@tsparticles/plugin-interactivity": "4.4.0"
      }
    },
    "node_modules/@tsparticles/interaction-external-slow": {
      "version": "4.4.0",
      "resolved": "https://registry.npmjs.org/@tsparticles/interaction-external-slow/-/interaction-external-slow-4.4.0.tgz",
      "integrity": "sha512-In5s4Ys7lf8/IsDta+M7zpEYWkbfvaUsjnJm4zxuCVjr/mixE7J3QCevkXWdeiv1aP/6TpTicD7SDtlQR1IMjw==",
      "license": "MIT",
      "peerDependencies": {
        "@tsparticles/engine": "4.4.0",
        "@tsparticles/plugin-interactivity": "4.4.0"
      }
    },
    "node_modules/@tsparticles/interaction-particles-attract": {
      "version": "4.4.0",
      "resolved": "https://registry.npmjs.org/@tsparticles/interaction-particles-attract/-/interaction-particles-attract-4.4.0.tgz",
      "integrity": "sha512-OPopYrnpPikRxwHk3UwCyNaB6DB2uSbx9wIH9qjz9bbWvPs+oKlB0UCTbkod8Bl0t57WJ0AY8kqFUfaPDWGISA==",
      "license": "MIT",
      "peerDependencies": {
        "@tsparticles/engine": "4.4.0",
        "@tsparticles/plugin-interactivity": "4.4.0"
      }
    },
    "node_modules/@tsparticles/interaction-particles-collisions": {
      "version": "4.4.0",
      "resolved": "https://registry.npmjs.org/@tsparticles/interaction-particles-collisions/-/interaction-particles-collisions-4.4.0.tgz",
      "integrity": "sha512-DLfnAf6lXy/IlsWPZBAXS6/pll5400yPxi6DRyHe0UBnbPVRzCRXAuoGaqhEsrth47BQdoyaqVG7sh38m9Oldg==",
      "license": "MIT",
      "peerDependencies": {
        "@tsparticles/engine": "4.4.0",
        "@tsparticles/plugin-interactivity": "4.4.0"
      }
    },
    "node_modules/@tsparticles/interaction-particles-links": {
      "version": "4.4.0",
      "resolved": "https://registry.npmjs.org/@tsparticles/interaction-particles-links/-/interaction-particles-links-4.4.0.tgz",
      "integrity": "sha512-n2OkzB8BjQkzFrtiVq8O42/Tf+/Psng+K71MhJDI+czkwLo3PdmG51MCsy2w9ywCvGwWci2nwxMQ1qZL7nPONg==",
      "license": "MIT",
      "dependencies": {
        "@tsparticles/canvas-utils": "4.4.0"
      },
      "peerDependencies": {
        "@tsparticles/engine": "4.4.0",
        "@tsparticles/plugin-interactivity": "4.4.0"
      }
    },
    "node_modules/@tsparticles/plugin-blend": {
      "version": "4.4.0",
      "resolved": "https://registry.npmjs.org/@tsparticles/plugin-blend/-/plugin-blend-4.4.0.tgz",
      "integrity": "sha512-X/SG2WIasgHqA+fLZFu6MMv3z5VY5uX4VIfKjXz1qxZjEjn0w4kzZrbtZBxXxRKdrm8Dg8Qu2mmBokNZ8Bny3g==",
      "license": "MIT",
      "peerDependencies": {
        "@tsparticles/engine": "4.4.0"
      }
    },
    "node_modules/@tsparticles/plugin-easing-quad": {
      "version": "4.4.0",
      "resolved": "https://registry.npmjs.org/@tsparticles/plugin-easing-quad/-/plugin-easing-quad-4.4.0.tgz",
      "integrity": "sha512-kdKuM4gKd3Y8x1WfbWgs72EhezBZ8HU0dsvECFsfVMuWa0/gB960BRz+XlyjVOIDBw8dIvx7EUoVgXsRg2WAOA==",
      "funding": [
        {
          "type": "github",
          "url": "https://github.com/sponsors/matteobruni"
        },
        {
          "type": "github",
          "url": "https://github.com/sponsors/tsparticles"
        },
        {
          "type": "buymeacoffee",
          "url": "https://www.buymeacoffee.com/matteobruni"
        }
      ],
      "license": "MIT",
      "peerDependencies": {
        "@tsparticles/engine": "4.4.0"
      }
    },
    "node_modules/@tsparticles/plugin-hex-color": {
      "version": "4.4.0",
      "resolved": "https://registry.npmjs.org/@tsparticles/plugin-hex-color/-/plugin-hex-color-4.4.0.tgz",
      "integrity": "sha512-sbRW6fi/YOS/hvFi6GCQiKI2zMCrmydrhlzqWyw2UUyg4Rr3FviQbIC2VRZrMc30Cm6kSkR3SovXIFDpZzO94Q==",
      "funding": [
        {
          "type": "github",
          "url": "https://github.com/sponsors/matteobruni"
        },
        {
          "type": "github",
          "url": "https://github.com/sponsors/tsparticles"
        },
        {
          "type": "buymeacoffee",
          "url": "https://www.buymeacoffee.com/matteobruni"
        }
      ],
      "license": "MIT",
      "peerDependencies": {
        "@tsparticles/engine": "4.4.0"
      }
    },
    "node_modules/@tsparticles/plugin-hsl-color": {
      "version": "4.4.0",
      "resolved": "https://registry.npmjs.org/@tsparticles/plugin-hsl-color/-/plugin-hsl-color-4.4.0.tgz",
      "integrity": "sha512-nw/7cGoU99y8veeYD7yA7ygNyrGr461V9xx+ed+jrj0LyXQbLF3d/r78ovMseoHxm4SWa9pmtoQxS3fBHIgecw==",
      "funding": [
        {
          "type": "github",
          "url": "https://github.com/sponsors/matteobruni"
        },
        {
          "type": "github",
          "url": "https://github.com/sponsors/tsparticles"
        },
        {
          "type": "buymeacoffee",
          "url": "https://www.buymeacoffee.com/matteobruni"
        }
      ],
      "license": "MIT",
      "peerDependencies": {
        "@tsparticles/engine": "4.4.0"
      }
    },
    "node_modules/@tsparticles/plugin-interactivity": {
      "version": "4.4.0",
      "resolved": "https://registry.npmjs.org/@tsparticles/plugin-interactivity/-/plugin-interactivity-4.4.0.tgz",
      "integrity": "sha512-jquoxlT4ra1Mc4glVlIfPubmchyIq5IZ25RdnvAop1uuc+6tu4N1zq5SSeyRO8MhJ94xevsNe6ozjmqvZ9CzKA==",
      "license": "MIT",
      "peerDependencies": {
        "@tsparticles/engine": "4.4.0"
      }
    },
    "node_modules/@tsparticles/plugin-move": {
      "version": "4.4.0",
      "resolved": "https://registry.npmjs.org/@tsparticles/plugin-move/-/plugin-move-4.4.0.tgz",
      "integrity": "sha512-o05YP6bWxljbxmsQoqbay8sn4GtHIiTQZhZmcIyxJw/q+oSCNKHWALElSAqa1H7Dp/7ltnmd4rH4pgbQtHnfEw==",
      "license": "MIT",
      "peerDependencies": {
        "@tsparticles/engine": "4.4.0"
      }
    },
    "node_modules/@tsparticles/plugin-rgb-color": {
      "version": "4.4.0",
      "resolved": "https://registry.npmjs.org/@tsparticles/plugin-rgb-color/-/plugin-rgb-color-4.4.0.tgz",
      "integrity": "sha512-s7YlsrcjndVLiOgKNPQaPcEQmmZeZqHec0lpSbt8BgR2pQmjFvCMSzHDA/aaqZ6JX8iVqvj+bT8uqT5XQDq70Q==",
      "funding": [
        {
          "type": "github",
          "url": "https://github.com/sponsors/matteobruni"
        },
        {
          "type": "github",
          "url": "https://github.com/sponsors/tsparticles"
        },
        {
          "type": "buymeacoffee",
          "url": "https://www.buymeacoffee.com/matteobruni"
        }
      ],
      "license": "MIT",
      "peerDependencies": {
        "@tsparticles/engine": "4.4.0"
      }
    },
    "node_modules/@tsparticles/react": {
      "version": "4.4.0",
      "resolved": "https://registry.npmjs.org/@tsparticles/react/-/react-4.4.0.tgz",
      "integrity": "sha512-vywNLCJi7N/6eY92wjJ7ePwvkMsnKnfm3sU5jPH6ggZxWHCmotSmZyihtlsC3jPa5tHpCidNprQKrQctACa2kw==",
      "license": "MIT",
      "peerDependencies": {
        "@tsparticles/engine": "4.4.0",
        "react": ">=16.8.0",
        "react-dom": ">=16.8.0"
      }
    },
    "node_modules/@tsparticles/shape-circle": {
      "version": "4.4.0",
      "resolved": "https://registry.npmjs.org/@tsparticles/shape-circle/-/shape-circle-4.4.0.tgz",
      "integrity": "sha512-pCdCenLohHwaeeuMCw9bh1icGB+CKwBYx67L5dTBw6aig7LRvL+Kd1PKClJTgXkx8Mb1Xb7KLNmSYgh/ABRtEQ==",
      "license": "MIT",
      "peerDependencies": {
        "@tsparticles/engine": "4.4.0"
      }
    },
    "node_modules/@tsparticles/shape-emoji": {
      "version": "4.4.0",
      "resolved": "https://registry.npmjs.org/@tsparticles/shape-emoji/-/shape-emoji-4.4.0.tgz",
      "integrity": "sha512-MCsIy+NPx9icd50AfZxUEmJeMWer3BPBpk23RVhns8/9EPhKGZx/rK6KvBiEX84uUq4vma2kzAB795IV7Ry7Pg==",
      "license": "MIT",
      "dependencies": {
        "@tsparticles/canvas-utils": "4.4.0"
      },
      "peerDependencies": {
        "@tsparticles/engine": "4.4.0"
      }
    },
    "node_modules/@tsparticles/shape-image": {
      "version": "4.4.0",
      "resolved": "https://registry.npmjs.org/@tsparticles/shape-image/-/shape-image-4.4.0.tgz",
      "integrity": "sha512-wCco8PILtywD4KdtlGF4BfSwdqkkd/WS8CfJMd+wmyLUYVxpUSz9HW8aYzzLFTWZZ0WAmiyMmqBIm9AsADzNSA==",
      "license": "MIT",
      "peerDependencies": {
        "@tsparticles/engine": "4.4.0"
      }
    },
    "node_modules/@tsparticles/shape-line": {
      "version": "4.4.0",
      "resolved": "https://registry.npmjs.org/@tsparticles/shape-line/-/shape-line-4.4.0.tgz",
      "integrity": "sha512-SNyfzkXEXCzh0I4wJSTwFhoZl+V3roh1mVpY3H+LiPtjNlZ9Uyi//PvbQbyuhjbm1+lxu4MXD/CehY3AKzVi2g==",
      "license": "MIT",
      "peerDependencies": {
        "@tsparticles/engine": "4.4.0"
      }
    },
    "node_modules/@tsparticles/shape-polygon": {
      "version": "4.4.0",
      "resolved": "https://registry.npmjs.org/@tsparticles/shape-polygon/-/shape-polygon-4.4.0.tgz",
      "integrity": "sha512-LtDTVQpuPECRoLoLNpvVBAukkBUDvV27mefnuXRgNkUSLBtlMezeFkDJfGthUVKV0erBKuizjxHuo0HO9KygKw==",
      "license": "MIT",
      "peerDependencies": {
        "@tsparticles/engine": "4.4.0"
      }
    },
    "node_modules/@tsparticles/shape-square": {
      "version": "4.4.0",
      "resolved": "https://registry.npmjs.org/@tsparticles/shape-square/-/shape-square-4.4.0.tgz",
      "integrity": "sha512-xSfgTUAgKLq0rgRGgP5ExftRyXOcp1/es8W4e69YH/JCvUgmY5BXlGeRZtXb4e4W055xSJIgkESuUrv6Ig7B+w==",
      "license": "MIT",
      "peerDependencies": {
        "@tsparticles/engine": "4.4.0"
      }
    },
    "node_modules/@tsparticles/shape-star": {
      "version": "4.4.0",
      "resolved": "https://registry.npmjs.org/@tsparticles/shape-star/-/shape-star-4.4.0.tgz",
      "integrity": "sha512-SEnzKTkXXYPwAGtZ8dr+gUkyzs05Y9ZIW/ZSZ94mhAPxPTNo6i+uXc/2PQ4EoXbFw7GwWR8SSzXCeLyuqmxUjA==",
      "license": "MIT",
      "peerDependencies": {
        "@tsparticles/engine": "4.4.0"
      }
    },
    "node_modules/@tsparticles/slim": {
      "version": "4.4.0",
      "resolved": "https://registry.npmjs.org/@tsparticles/slim/-/slim-4.4.0.tgz",
      "integrity": "sha512-/QhPVl11RYTGF9QL2yBLAaoMMSuJSwbp1NqzBsLf4RXqAWsCDs21rg/FvNYS36znBv8ZbU1XG3nbZIEVOMqSHA==",
      "funding": [
        {
          "type": "github",
          "url": "https://github.com/sponsors/matteobruni"
        },
        {
          "type": "github",
          "url": "https://github.com/sponsors/tsparticles"
        },
        {
          "type": "buymeacoffee",
          "url": "https://www.buymeacoffee.com/matteobruni"
        }
      ],
      "license": "MIT",
      "dependencies": {
        "@tsparticles/basic": "4.4.0",
        "@tsparticles/engine": "4.4.0",
        "@tsparticles/interaction-external-attract": "4.4.0",
        "@tsparticles/interaction-external-bounce": "4.4.0",
        "@tsparticles/interaction-external-bubble": "4.4.0",
        "@tsparticles/interaction-external-connect": "4.4.0",
        "@tsparticles/interaction-external-destroy": "4.4.0",
        "@tsparticles/interaction-external-grab": "4.4.0",
        "@tsparticles/interaction-external-parallax": "4.4.0",
        "@tsparticles/interaction-external-pause": "4.4.0",
        "@tsparticles/interaction-external-push": "4.4.0",
        "@tsparticles/interaction-external-remove": "4.4.0",
        "@tsparticles/interaction-external-repulse": "4.4.0",
        "@tsparticles/interaction-external-slow": "4.4.0",
        "@tsparticles/interaction-particles-attract": "4.4.0",
        "@tsparticles/interaction-particles-collisions": "4.4.0",
        "@tsparticles/interaction-particles-links": "4.4.0",
        "@tsparticles/plugin-easing-quad": "4.4.0",
        "@tsparticles/plugin-interactivity": "4.4.0",
        "@tsparticles/shape-emoji": "4.4.0",
        "@tsparticles/shape-image": "4.4.0",
        "@tsparticles/shape-line": "4.4.0",
        "@tsparticles/shape-polygon": "4.4.0",
        "@tsparticles/shape-square": "4.4.0",
        "@tsparticles/shape-star": "4.4.0",
        "@tsparticles/updater-life": "4.4.0",
        "@tsparticles/updater-paint": "4.4.0",
        "@tsparticles/updater-rotate": "4.4.0"
      }
    },
    "node_modules/@tsparticles/updater-life": {
      "version": "4.4.0",
      "resolved": "https://registry.npmjs.org/@tsparticles/updater-life/-/updater-life-4.4.0.tgz",
      "integrity": "sha512-lUYmhnyRSzNbqS3qYkdDITq2u+BNjircYYbIk4wokJcLNfB0U6IGkIS9SBz9+GA18b8EC7+XEA90iFmxdNzo6Q==",
      "license": "MIT",
      "peerDependencies": {
        "@tsparticles/engine": "4.4.0"
      }
    },
    "node_modules/@tsparticles/updater-opacity": {
      "version": "4.4.0",
      "resolved": "https://registry.npmjs.org/@tsparticles/updater-opacity/-/updater-opacity-4.4.0.tgz",
      "integrity": "sha512-StQAExNqeOHANRAMXHdaKKEBD1DrRwBZ3TQF6DPtERtoElj8BvMlPHq38W0TSzfvR0lFP91p2Pzo5txVzVJ3Gg==",
      "license": "MIT",
      "dependencies": {
        "@tsparticles/animation-utils": "4.4.0"
      },
      "peerDependencies": {
        "@tsparticles/engine": "4.4.0"
      }
    },
    "node_modules/@tsparticles/updater-out-modes": {
      "version": "4.4.0",
      "resolved": "https://registry.npmjs.org/@tsparticles/updater-out-modes/-/updater-out-modes-4.4.0.tgz",
      "integrity": "sha512-IzHaYhOVI6mBFqub1ivd/5UMkvn5Pb/j9xS8edT7XeSNYqO3UeomLJci0KE6Xsm+4K/kBLGbCRW5+Tf+kV4E0g==",
      "license": "MIT",
      "peerDependencies": {
        "@tsparticles/engine": "4.4.0"
      }
    },
    "node_modules/@tsparticles/updater-paint": {
      "version": "4.4.0",
      "resolved": "https://registry.npmjs.org/@tsparticles/updater-paint/-/updater-paint-4.4.0.tgz",
      "integrity": "sha512-v7liuaT9BwHsd1hCfJF2d93M2gD3lSfsfIfKjPihAYo73hS43Wq7Cf1F0yjEiR3yXryRGH1QmYYdhonKAvyDKw==",
      "license": "MIT",
      "peerDependencies": {
        "@tsparticles/engine": "4.4.0"
      }
    },
    "node_modules/@tsparticles/updater-rotate": {
      "version": "4.4.0",
      "resolved": "https://registry.npmjs.org/@tsparticles/updater-rotate/-/updater-rotate-4.4.0.tgz",
      "integrity": "sha512-rXUP1X0suDr168F2aXRj4v8TmSUfhaWuHOn2z4UcqOAhPjwPdfySMnwpdxbRS+HL4q9TFkNGBqq9ity6LgkVeA==",
      "license": "MIT",
      "dependencies": {
        "@tsparticles/animation-utils": "4.4.0"
      },
      "peerDependencies": {
        "@tsparticles/engine": "4.4.0"
      }
    },
    "node_modules/@tsparticles/updater-size": {
      "version": "4.4.0",
      "resolved": "https://registry.npmjs.org/@tsparticles/updater-size/-/updater-size-4.4.0.tgz",
      "integrity": "sha512-Qq8QjC0MMjlaHjtpWUROSqe14eKVphq92n0VR4/d4WY+pnSG1U1VJzF43Kyfb4IyV06b29F0TUROIG7Ivqk36g==",
      "license": "MIT",
      "dependencies": {
        "@tsparticles/animation-utils": "4.4.0"
      },
      "peerDependencies": {
        "@tsparticles/engine": "4.4.0"
      }
    },
    "node_modules/@types/node": {
      "resolved": "../node_modules/.pnpm/@types+node@22.20.4/node_modules/@types/node",
      "link": true
    },
    "node_modules/@types/react": {
      "resolved": "../node_modules/.pnpm/@types+react@19.3.0/node_modules/@types/react",
      "link": true
    },
    "node_modules/@types/react-dom": {
      "resolved": "../node_modules/.pnpm/@types+react-dom@19.3.0_@types+react@19.3.0/node_modules/@types/react-dom",
      "link": true
    },
    "node_modules/@vitejs/plugin-react": {
      "resolved": "../node_modules/.pnpm/@vitejs+plugin-react@4.7.0_vite@6.4.3_@types+node@22.20.4_/node_modules/@vitejs/plugin-react",
      "link": true
    },
    "node_modules/axios": {
      "resolved": "../node_modules/.pnpm/axios@1.20.0/node_modules/axios",
      "link": true
    },
    "node_modules/echarts": {
      "version": "6.1.0",
      "resolved": "https://registry.npmjs.org/echarts/-/echarts-6.1.0.tgz",
      "integrity": "sha512-q0yaFPggC9FUdsWH4blavRWFmxdrIodbkoKNAjJudAI6CA9gNPxHtV2RcZNEepZVlk4yvBYkOkbk6HIVpIyHZA==",
      "license": "Apache-2.0",
      "dependencies": {
        "tslib": "2.3.0",
        "zrender": "6.1.0"
      }
    },
    "node_modules/eslint": {
      "resolved": "../node_modules/.pnpm/eslint@9.39.5/node_modules/eslint",
      "link": true
    },
    "node_modules/eslint-plugin-react-hooks": {
      "resolved": "../node_modules/.pnpm/eslint-plugin-react-hooks@5.2.0_eslint@9.39.5/node_modules/eslint-plugin-react-hooks",
      "link": true
    },
    "node_modules/eslint-plugin-react-refresh": {
      "resolved": "../node_modules/.pnpm/eslint-plugin-react-refresh@0.4.26_eslint@9.39.5/node_modules/eslint-plugin-react-refresh",
      "link": true
    },
    "node_modules/globals": {
      "resolved": "../node_modules/.pnpm/globals@15.15.0/node_modules/globals",
      "link": true
    },
    "node_modules/qrcode.react": {
      "version": "4.2.0",
      "resolved": "https://registry.npmjs.org/qrcode.react/-/qrcode.react-4.2.0.tgz",
      "integrity": "sha512-QpgqWi8rD9DsS9EP3z7BT+5lY5SFhsqGjpgW5DY/i3mK4M9DTBNz3ErMi8BWYEfI3L0d8GIbGmcdFAS1uIRGjA==",
      "license": "ISC",
      "peerDependencies": {
        "react": "^16.8.0 || ^17.0.0 || ^18.0.0 || ^19.0.0"
      }
    },
    "node_modules/react": {
      "resolved": "../node_modules/.pnpm/react@19.3.0/node_modules/react",
      "link": true
    },
    "node_modules/react-dom": {
      "resolved": "../node_modules/.pnpm/react-dom@19.3.0_react@19.3.0/node_modules/react-dom",
      "link": true
    },
    "node_modules/react-router-dom": {
      "resolved": "../node_modules/.pnpm/react-router-dom@7.18.4_rea_c5162408bf5682b33cf3cd0d91ecf830/node_modules/react-router-dom",
      "link": true
    },
    "node_modules/tslib": {
      "version": "2.3.0",
      "resolved": "https://registry.npmjs.org/tslib/-/tslib-2.3.0.tgz",
      "integrity": "sha512-N82ooyxVNm6h1riLCoyS9e3fuJ3AMG2zIZs2Gd1ATcSFjSA23Q0fzjjZeh0jbJvWVDZ0cJT8yaNNaaXHzueNjg==",
      "license": "0BSD"
    },
    "node_modules/typescript": {
      "resolved": "../node_modules/.pnpm/typescript@5.9.3/node_modules/typescript",
      "link": true
    },
    "node_modules/typescript-eslint": {
      "resolved": "../node_modules/.pnpm/typescript-eslint@8.70.1_eslint@9.39.5_typescript@5.9.3/node_modules/typescript-eslint",
      "link": true
    },
    "node_modules/vite": {
      "resolved": "../node_modules/.pnpm/vite@6.4.3_@types+node@22.20.4/node_modules/vite",
      "link": true
    },
    "node_modules/zrender": {
      "version": "6.1.0",
      "resolved": "https://registry.npmjs.org/zrender/-/zrender-6.1.0.tgz",
      "integrity": "sha512-oEGMDB6pOP2S6OwRR4PdVv610zrjnA3Bh+JnSG12fYJlBKjtNAoEb5fSUoCOOINlH96I2fU38/A2UpRKs67xYQ==",
      "license": "BSD-3-Clause",
      "dependencies": {
        "tslib": "2.3.0"
      }
    }
  }
}
